
Microsoft Visual Studio Solution File, Format Version 12.00
# Visual Studio Version 17
VisualStudioVersion = 17.2.32616.157
MinimumVisualStudioVersion = 10.0.40219.1
Project("{9A19103F-16F7-4668-BE54-9A1E7A4F7556}") = "project1", "project1\project1.csproj", "{A9C00E74-1752-44B0-BF4C-E352FA5BEB53}"
EndProject
Project("{9A19103F-16F7-4668-BE54-9A1E7A4F7556}") = "project2", "project2\project2.csproj", "{478E433B-2FEB-4E64-BB64-21A591BFB126}"
EndProject
Project("{FAE04EC0-301F-11D3-BF4B-00C04F79EFBC}") = "project3", "project3\project3.csproj", "{71C90320-6C2C-41C6-82C7-20F1F07066D5}"
EndProject
Project("{FAE04EC0-301F-11D3-BF4B-00C04F79EFBC}") = "project4", "project4\project4.csproj", "{08D917F4-C048-4091-BAB6-3EC349702053}"
EndProject
Project("{FAE04EC0-301F-11D3-BF4B-00C04F79EFBC}") = "project5", "project5\project5.csproj", "{F88D4FB6-060C-4166-8041-BEB491E4FAAD}"
EndProject
Project("{FAE04EC0-301F-11D3-BF4B-00C04F79EFBC}") = "project6", "project6\project6.csproj", "{48413D52-792E-4B36-8D2D-687CF9B01FE6}"
EndProject
Global
	GlobalSection(SolutionConfigurationPlatforms) = preSolution
		Debug|Any CPU = Debug|Any CPU
		Release|Any CPU = Release|Any CPU
	EndGlobalSection
	GlobalSection(ProjectConfigurationPlatforms) = postSolution
		{A9C00E74-1752-44B0-BF4C-E352FA5BEB53}.Debug|Any CPU.ActiveCfg = Debug|Any CPU
		{A9C00E74-1752-44B0-BF4C-E352FA5BEB53}.Debug|Any CPU.Build.0 = Debug|Any CPU
		{A9C00E74-1752-44B0-BF4C-E352FA5BEB53}.Release|Any CPU.ActiveCfg = Release|Any CPU
		{A9C00E74-1752-44B0-BF4C-E352FA5BEB53}.Release|Any CPU.Build.0 = Release|Any CPU
		{478E433B-2FEB-4E64-BB64-21A591BFB126}.Debug|Any CPU.ActiveCfg = Debug|Any CPU
		{478E433B-2FEB-4E64-BB64-21A591BFB126}.Debug|Any CPU.Build.0 = Debug|Any CPU
		{478E433B-2FEB-4E64-BB64-21A591BFB126}.Release|Any CPU.ActiveCfg = Release|Any CPU
		{478E433B-2FEB-4E64-BB64-21A591BFB126}.Release|Any CPU.Build.0 = Release|Any CPU
		{71C90320-6C2C-41C6-82C7-20F1F07066D5}.Debug|Any CPU.ActiveCfg = Debug|Any CPU
		{71C90320-6C2C-41C6-82C7-20F1F07066D5}.Debug|Any CPU.Build.0 = Debug|Any CPU
		{71C90320-6C2C-41C6-82C7-20F1F07066D5}.Release|Any CPU.ActiveCfg = Release|Any CPU
		{71C90320-6C2C-41C6-82C7-20F1F07066D5}.Release|Any CPU.Build.0 = Release|Any CPU
		{08D917F4-C048-4091-BAB6-3EC349702053}.Debug|Any CPU.ActiveCfg = Debug|Any CPU
		{08D917F4-C048-4091-BAB6-3EC349702053}.Debug|Any CPU.Build.0 = Debug|Any CPU
		{08D917F4-C048-4091-BAB6-3EC349702053}.Release|Any CPU.ActiveCfg = Release|Any CPU
		{08D917F4-C048-4091-BAB6-3EC349702053}.Release|Any CPU.Build.0 = Release|Any CPU
		{F88D4FB6-060C-4166-8041-BEB491E4FAAD}.Debug|Any CPU.ActiveCfg = Debug|Any CPU
		{F88D4FB6-060C-4166-8041-BEB491E4FAAD}.Debug|Any CPU.Build.0 = Debug|Any CPU
		{F88D4FB6-060C-4166-8041-BEB491E4FAAD}.Release|Any CPU.ActiveCfg = Release|Any CPU
		{F88D4FB6-060C-4166-8041-BEB491E4FAAD}.Release|Any CPU.Build.0 = Release|Any CPU
		{48413D52-792E-4B36-8D2D-687CF9B01FE6}.Debug|Any CPU.ActiveCfg = Debug|Any CPU
		{48413D52-792E-4B36-8D2D-687CF9B01FE6}.Debug|Any CPU.Build.0 = Debug|Any CPU
		{48413D52-792E-4B36-8D2D-687CF9B01FE6}.Release|Any CPU.ActiveCfg = Release|Any CPU
		{48413D52-792E-4B36-8D2D-687CF9B01FE6}.Release|Any CPU.Build.0 = Release|Any CPU
	EndGlobalSection
	GlobalSection(SolutionProperties) = preSolution
		HideSolutionNode = FALSE
	EndGlobalSection
	GlobalSection(ExtensibilityGlobals) = postSolution
		SolutionGuid = {AFBE379A-3990-4FBA-AB4A-0D963F83010A}
	EndGlobalSection
EndGlobal
