
Microsoft Visual Studio Solution File, Format Version 12.00
# Visual Studio Version 17
VisualStudioVersion = 17.4.33213.308
MinimumVisualStudioVersion = 10.0.40219.1
Project("{FAE04EC0-301F-11D3-BF4B-00C04F79EFBC}") = "project1", "project1\project1.csproj", "{D9996002-8734-4712-ADC2-C4E607FED8A0}"
EndProject
Global
	GlobalSection(SolutionConfigurationPlatforms) = preSolution
		Debug|Any CPU = Debug|Any CPU
		Release|Any CPU = Release|Any CPU
	EndGlobalSection
	GlobalSection(ProjectConfigurationPlatforms) = postSolution
		{D9996002-8734-4712-ADC2-C4E607FED8A0}.Debug|Any CPU.ActiveCfg = Debug|Any CPU
		{D9996002-8734-4712-ADC2-C4E607FED8A0}.Debug|Any CPU.Build.0 = Debug|Any CPU
		{D9996002-8734-4712-ADC2-C4E607FED8A0}.Release|Any CPU.ActiveCfg = Release|Any CPU
		{D9996002-8734-4712-ADC2-C4E607FED8A0}.Release|Any CPU.Build.0 = Release|Any CPU
	EndGlobalSection
	GlobalSection(SolutionProperties) = preSolution
		HideSolutionNode = FALSE
	EndGlobalSection
	GlobalSection(ExtensibilityGlobals) = postSolution
		SolutionGuid = {EA1E26F5-9D3D-4449-9ECE-7B81C511CD2E}
	EndGlobalSection
EndGlobal
