
Microsoft Visual Studio Solution File, Format Version 12.00
# Visual Studio Version 17
VisualStudioVersion = 17.2.32526.322
MinimumVisualStudioVersion = 10.0.40219.1
Project("{9A19103F-16F7-4668-BE54-9A1E7A4F7556}") = "project1", "project1\project1.csproj", "{A51DCCBC-FD26-4B55-A883-419AC497AACC}"
EndProject
Project("{9A19103F-16F7-4668-BE54-9A1E7A4F7556}") = "project2", "project2\project2.csproj", "{876D42E5-469D-40D3-B7C7-41C2344D7DD6}"
EndProject
Project("{9A19103F-16F7-4668-BE54-9A1E7A4F7556}") = "project3", "project3\project3.csproj", "{4D7A6C5B-4C00-42C5-9E51-59D50F6CEA57}"
EndProject
Project("{9A19103F-16F7-4668-BE54-9A1E7A4F7556}") = "project4", "project4\project4.csproj", "{4887570B-8534-4CF0-8A4E-4030743C720D}"
EndProject
Project("{9A19103F-16F7-4668-BE54-9A1E7A4F7556}") = "project5", "project5\project5.csproj", "{0C39DF71-F912-4977-ABC3-3B28DD0D4C6F}"
EndProject
Project("{9A19103F-16F7-4668-BE54-9A1E7A4F7556}") = "project6", "project6\project6.csproj", "{8A0F0AC1-D60C-4142-AE99-536FDFA6D229}"
EndProject
Project("{9A19103F-16F7-4668-BE54-9A1E7A4F7556}") = "project7", "project7\project7.csproj", "{D363C06A-8FAB-4F93-BC93-06CED67DA338}"
EndProject
Project("{FAE04EC0-301F-11D3-BF4B-00C04F79EFBC}") = "project8", "project8\project8.csproj", "{F113DEBD-230B-4035-8B6B-F5B84C46082C}"
EndProject
Project("{FAE04EC0-301F-11D3-BF4B-00C04F79EFBC}") = "project9", "project9\project9.csproj", "{2BF9211C-B372-4C5F-9B61-3A170103DFA0}"
EndProject
Global
	GlobalSection(SolutionConfigurationPlatforms) = preSolution
		Debug|Any CPU = Debug|Any CPU
		Release|Any CPU = Release|Any CPU
	EndGlobalSection
	GlobalSection(ProjectConfigurationPlatforms) = postSolution
		{A51DCCBC-FD26-4B55-A883-419AC497AACC}.Debug|Any CPU.ActiveCfg = Debug|Any CPU
		{A51DCCBC-FD26-4B55-A883-419AC497AACC}.Debug|Any CPU.Build.0 = Debug|Any CPU
		{A51DCCBC-FD26-4B55-A883-419AC497AACC}.Release|Any CPU.ActiveCfg = Release|Any CPU
		{A51DCCBC-FD26-4B55-A883-419AC497AACC}.Release|Any CPU.Build.0 = Release|Any CPU
		{876D42E5-469D-40D3-B7C7-41C2344D7DD6}.Debug|Any CPU.ActiveCfg = Debug|Any CPU
		{876D42E5-469D-40D3-B7C7-41C2344D7DD6}.Debug|Any CPU.Build.0 = Debug|Any CPU
		{876D42E5-469D-40D3-B7C7-41C2344D7DD6}.Release|Any CPU.ActiveCfg = Release|Any CPU
		{876D42E5-469D-40D3-B7C7-41C2344D7DD6}.Release|Any CPU.Build.0 = Release|Any CPU
		{4D7A6C5B-4C00-42C5-9E51-59D50F6CEA57}.Debug|Any CPU.ActiveCfg = Debug|Any CPU
		{4D7A6C5B-4C00-42C5-9E51-59D50F6CEA57}.Debug|Any CPU.Build.0 = Debug|Any CPU
		{4D7A6C5B-4C00-42C5-9E51-59D50F6CEA57}.Release|Any CPU.ActiveCfg = Release|Any CPU
		{4D7A6C5B-4C00-42C5-9E51-59D50F6CEA57}.Release|Any CPU.Build.0 = Release|Any CPU
		{4887570B-8534-4CF0-8A4E-4030743C720D}.Debug|Any CPU.ActiveCfg = Debug|Any CPU
		{4887570B-8534-4CF0-8A4E-4030743C720D}.Debug|Any CPU.Build.0 = Debug|Any CPU
		{4887570B-8534-4CF0-8A4E-4030743C720D}.Release|Any CPU.ActiveCfg = Release|Any CPU
		{4887570B-8534-4CF0-8A4E-4030743C720D}.Release|Any CPU.Build.0 = Release|Any CPU
		{0C39DF71-F912-4977-ABC3-3B28DD0D4C6F}.Debug|Any CPU.ActiveCfg = Debug|Any CPU
		{0C39DF71-F912-4977-ABC3-3B28DD0D4C6F}.Debug|Any CPU.Build.0 = Debug|Any CPU
		{0C39DF71-F912-4977-ABC3-3B28DD0D4C6F}.Release|Any CPU.ActiveCfg = Release|Any CPU
		{0C39DF71-F912-4977-ABC3-3B28DD0D4C6F}.Release|Any CPU.Build.0 = Release|Any CPU
		{8A0F0AC1-D60C-4142-AE99-536FDFA6D229}.Debug|Any CPU.ActiveCfg = Debug|Any CPU
		{8A0F0AC1-D60C-4142-AE99-536FDFA6D229}.Debug|Any CPU.Build.0 = Debug|Any CPU
		{8A0F0AC1-D60C-4142-AE99-536FDFA6D229}.Release|Any CPU.ActiveCfg = Release|Any CPU
		{8A0F0AC1-D60C-4142-AE99-536FDFA6D229}.Release|Any CPU.Build.0 = Release|Any CPU
		{D363C06A-8FAB-4F93-BC93-06CED67DA338}.Debug|Any CPU.ActiveCfg = Debug|Any CPU
		{D363C06A-8FAB-4F93-BC93-06CED67DA338}.Debug|Any CPU.Build.0 = Debug|Any CPU
		{D363C06A-8FAB-4F93-BC93-06CED67DA338}.Release|Any CPU.ActiveCfg = Release|Any CPU
		{D363C06A-8FAB-4F93-BC93-06CED67DA338}.Release|Any CPU.Build.0 = Release|Any CPU
		{F113DEBD-230B-4035-8B6B-F5B84C46082C}.Debug|Any CPU.ActiveCfg = Debug|Any CPU
		{F113DEBD-230B-4035-8B6B-F5B84C46082C}.Debug|Any CPU.Build.0 = Debug|Any CPU
		{F113DEBD-230B-4035-8B6B-F5B84C46082C}.Release|Any CPU.ActiveCfg = Release|Any CPU
		{F113DEBD-230B-4035-8B6B-F5B84C46082C}.Release|Any CPU.Build.0 = Release|Any CPU
		{2BF9211C-B372-4C5F-9B61-3A170103DFA0}.Debug|Any CPU.ActiveCfg = Debug|Any CPU
		{2BF9211C-B372-4C5F-9B61-3A170103DFA0}.Debug|Any CPU.Build.0 = Debug|Any CPU
		{2BF9211C-B372-4C5F-9B61-3A170103DFA0}.Release|Any CPU.ActiveCfg = Release|Any CPU
		{2BF9211C-B372-4C5F-9B61-3A170103DFA0}.Release|Any CPU.Build.0 = Release|Any CPU
	EndGlobalSection
	GlobalSection(SolutionProperties) = preSolution
		HideSolutionNode = FALSE
	EndGlobalSection
	GlobalSection(ExtensibilityGlobals) = postSolution
		SolutionGuid = {A2803E93-385F-4C8D-B48D-1C3ACCAEF52F}
	EndGlobalSection
EndGlobal
