
Microsoft Visual Studio Solution File, Format Version 12.00
# Visual Studio Version 17
VisualStudioVersion = 17.4.33213.308
MinimumVisualStudioVersion = 10.0.40219.1
Project("{9A19103F-16F7-4668-BE54-9A1E7A4F7556}") = "project001", "project001\project001.csproj", "{B9B8D9BD-59D2-42F1-91CA-C3B33A3E1CBB}"
EndProject
Project("{9A19103F-16F7-4668-BE54-9A1E7A4F7556}") = "project002", "project002\project002.csproj", "{5CD5A0F4-3684-41D1-B306-B7F1F9467BF5}"
EndProject
Project("{FAE04EC0-301F-11D3-BF4B-00C04F79EFBC}") = "project3", "project3\project3.csproj", "{02C00EDC-7550-45DB-BE4D-6EF125F17A64}"
EndProject
Global
	GlobalSection(SolutionConfigurationPlatforms) = preSolution
		Debug|Any CPU = Debug|Any CPU
		Release|Any CPU = Release|Any CPU
	EndGlobalSection
	GlobalSection(ProjectConfigurationPlatforms) = postSolution
		{B9B8D9BD-59D2-42F1-91CA-C3B33A3E1CBB}.Debug|Any CPU.ActiveCfg = Debug|Any CPU
		{B9B8D9BD-59D2-42F1-91CA-C3B33A3E1CBB}.Debug|Any CPU.Build.0 = Debug|Any CPU
		{B9B8D9BD-59D2-42F1-91CA-C3B33A3E1CBB}.Release|Any CPU.ActiveCfg = Release|Any CPU
		{B9B8D9BD-59D2-42F1-91CA-C3B33A3E1CBB}.Release|Any CPU.Build.0 = Release|Any CPU
		{5CD5A0F4-3684-41D1-B306-B7F1F9467BF5}.Debug|Any CPU.ActiveCfg = Debug|Any CPU
		{5CD5A0F4-3684-41D1-B306-B7F1F9467BF5}.Debug|Any CPU.Build.0 = Debug|Any CPU
		{5CD5A0F4-3684-41D1-B306-B7F1F9467BF5}.Release|Any CPU.ActiveCfg = Release|Any CPU
		{5CD5A0F4-3684-41D1-B306-B7F1F9467BF5}.Release|Any CPU.Build.0 = Release|Any CPU
		{02C00EDC-7550-45DB-BE4D-6EF125F17A64}.Debug|Any CPU.ActiveCfg = Debug|Any CPU
		{02C00EDC-7550-45DB-BE4D-6EF125F17A64}.Debug|Any CPU.Build.0 = Debug|Any CPU
		{02C00EDC-7550-45DB-BE4D-6EF125F17A64}.Release|Any CPU.ActiveCfg = Release|Any CPU
		{02C00EDC-7550-45DB-BE4D-6EF125F17A64}.Release|Any CPU.Build.0 = Release|Any CPU
	EndGlobalSection
	GlobalSection(SolutionProperties) = preSolution
		HideSolutionNode = FALSE
	EndGlobalSection
	GlobalSection(ExtensibilityGlobals) = postSolution
		SolutionGuid = {57607177-71AA-4980-B363-9D1AF9463AEE}
	EndGlobalSection
EndGlobal
