
Microsoft Visual Studio Solution File, Format Version 12.00
# Visual Studio Version 17
VisualStudioVersion = 17.2.32616.157
MinimumVisualStudioVersion = 10.0.40219.1
Project("{9A19103F-16F7-4668-BE54-9A1E7A4F7556}") = "Project1", "Project1.csproj", "{5297A290-317B-4571-97A1-8D2333BEBABD}"
EndProject
Project("{9A19103F-16F7-4668-BE54-9A1E7A4F7556}") = "Project2", "Project2\Project2.csproj", "{AA35CB8B-E58A-4B51-9849-6F302A267B2B}"
EndProject
Project("{9A19103F-16F7-4668-BE54-9A1E7A4F7556}") = "Project3", "Project3\Project3.csproj", "{DD24A8BC-5D17-41A0-996A-69E75B026806}"
EndProject
Project("{FAE04EC0-301F-11D3-BF4B-00C04F79EFBC}") = "Project4", "Project4\Project4.csproj", "{E77A2C45-3C72-4C51-96D1-A65F884A0172}"
EndProject
Project("{FAE04EC0-301F-11D3-BF4B-00C04F79EFBC}") = "Project5", "Project5\Project5.csproj", "{C66B4DB6-FA6E-4A41-B980-5AB6445F5320}"
EndProject
Project("{FAE04EC0-301F-11D3-BF4B-00C04F79EFBC}") = "Project6", "Project6\Project6.csproj", "{535180C3-7F77-432E-824F-D91E6843623D}"
EndProject
Global
	GlobalSection(SolutionConfigurationPlatforms) = preSolution
		Debug|Any CPU = Debug|Any CPU
		Release|Any CPU = Release|Any CPU
	EndGlobalSection
	GlobalSection(ProjectConfigurationPlatforms) = postSolution
		{5297A290-317B-4571-97A1-8D2333BEBABD}.Debug|Any CPU.ActiveCfg = Debug|Any CPU
		{5297A290-317B-4571-97A1-8D2333BEBABD}.Debug|Any CPU.Build.0 = Debug|Any CPU
		{5297A290-317B-4571-97A1-8D2333BEBABD}.Release|Any CPU.ActiveCfg = Release|Any CPU
		{5297A290-317B-4571-97A1-8D2333BEBABD}.Release|Any CPU.Build.0 = Release|Any CPU
		{AA35CB8B-E58A-4B51-9849-6F302A267B2B}.Debug|Any CPU.ActiveCfg = Debug|Any CPU
		{AA35CB8B-E58A-4B51-9849-6F302A267B2B}.Debug|Any CPU.Build.0 = Debug|Any CPU
		{AA35CB8B-E58A-4B51-9849-6F302A267B2B}.Release|Any CPU.ActiveCfg = Release|Any CPU
		{AA35CB8B-E58A-4B51-9849-6F302A267B2B}.Release|Any CPU.Build.0 = Release|Any CPU
		{DD24A8BC-5D17-41A0-996A-69E75B026806}.Debug|Any CPU.ActiveCfg = Debug|Any CPU
		{DD24A8BC-5D17-41A0-996A-69E75B026806}.Debug|Any CPU.Build.0 = Debug|Any CPU
		{DD24A8BC-5D17-41A0-996A-69E75B026806}.Release|Any CPU.ActiveCfg = Release|Any CPU
		{DD24A8BC-5D17-41A0-996A-69E75B026806}.Release|Any CPU.Build.0 = Release|Any CPU
		{E77A2C45-3C72-4C51-96D1-A65F884A0172}.Debug|Any CPU.ActiveCfg = Debug|Any CPU
		{E77A2C45-3C72-4C51-96D1-A65F884A0172}.Debug|Any CPU.Build.0 = Debug|Any CPU
		{E77A2C45-3C72-4C51-96D1-A65F884A0172}.Release|Any CPU.ActiveCfg = Release|Any CPU
		{E77A2C45-3C72-4C51-96D1-A65F884A0172}.Release|Any CPU.Build.0 = Release|Any CPU
		{C66B4DB6-FA6E-4A41-B980-5AB6445F5320}.Debug|Any CPU.ActiveCfg = Debug|Any CPU
		{C66B4DB6-FA6E-4A41-B980-5AB6445F5320}.Debug|Any CPU.Build.0 = Debug|Any CPU
		{C66B4DB6-FA6E-4A41-B980-5AB6445F5320}.Release|Any CPU.ActiveCfg = Release|Any CPU
		{C66B4DB6-FA6E-4A41-B980-5AB6445F5320}.Release|Any CPU.Build.0 = Release|Any CPU
		{535180C3-7F77-432E-824F-D91E6843623D}.Debug|Any CPU.ActiveCfg = Debug|Any CPU
		{535180C3-7F77-432E-824F-D91E6843623D}.Debug|Any CPU.Build.0 = Debug|Any CPU
		{535180C3-7F77-432E-824F-D91E6843623D}.Release|Any CPU.ActiveCfg = Release|Any CPU
		{535180C3-7F77-432E-824F-D91E6843623D}.Release|Any CPU.Build.0 = Release|Any CPU
	EndGlobalSection
	GlobalSection(SolutionProperties) = preSolution
		HideSolutionNode = FALSE
	EndGlobalSection
	GlobalSection(ExtensibilityGlobals) = postSolution
		SolutionGuid = {64399748-DED5-4E02-A943-314FDDE835DF}
	EndGlobalSection
EndGlobal
