
Microsoft Visual Studio Solution File, Format Version 12.00
# Visual Studio Version 17
VisualStudioVersion = 17.2.32616.157
MinimumVisualStudioVersion = 10.0.40219.1
Project("{9A19103F-16F7-4668-BE54-9A1E7A4F7556}") = "Project1", "Project1.csproj", "{5297A290-317B-4571-97A1-8D2333BEBABD}"
EndProject
Project("{9A19103F-16F7-4668-BE54-9A1E7A4F7556}") = "Project2", "Project2\Project2.csproj", "{AA35CB8B-E58A-4B51-9849-6F302A267B2B}"
EndProject
Project("{9A19103F-16F7-4668-BE54-9A1E7A4F7556}") = "Project3", "Project3\Project3.csproj", "{DD24A8BC-5D17-41A0-996A-69E75B026806}"
EndProject
Project("{9A19103F-16F7-4668-BE54-9A1E7A4F7556}") = "Project4", "Project4\Project4.csproj", "{E77A2C45-3C72-4C51-96D1-A65F884A0172}"
EndProject
Project("{9A19103F-16F7-4668-BE54-9A1E7A4F7556}") = "Project5", "Project5\Project5.csproj", "{C66B4DB6-FA6E-4A41-B980-5AB6445F5320}"
EndProject
Project("{9A19103F-16F7-4668-BE54-9A1E7A4F7556}") = "Project6", "Project6\Project6.csproj", "{535180C3-7F77-432E-824F-D91E6843623D}"
EndProject
Project("{9A19103F-16F7-4668-BE54-9A1E7A4F7556}") = "Project7", "Project7\Project7.csproj", "{9F3206B5-13FF-4B63-8526-F4C341C1C489}"
EndProject
Project("{9A19103F-16F7-4668-BE54-9A1E7A4F7556}") = "Project8", "Project8\Project8.csproj", "{3BBEBB38-70D8-4887-9A73-E97B26A21E8C}"
EndProject
Project("{9A19103F-16F7-4668-BE54-9A1E7A4F7556}") = "Project9", "Project9\Project9.csproj", "{62F109D5-97F4-4205-8E67-B76F517CCD78}"
EndProject
Project("{FAE04EC0-301F-11D3-BF4B-00C04F79EFBC}") = "Project2-exam", "Project2-exam\Project2-exam.csproj", "{BC43067F-7D21-4988-A253-E8B50869A263}"
EndProject
Project("{FAE04EC0-301F-11D3-BF4B-00C04F79EFBC}") = "Project1-exam", "Project1-exam\Project1-exam.csproj", "{583E2ABA-CFDF-4B65-B75B-A06FA1F11685}"
EndProject
Project("{FAE04EC0-301F-11D3-BF4B-00C04F79EFBC}") = "Project3-exam", "Project3-exam\Project3-exam.csproj", "{A3BDE0E7-5782-4090-9FCC-F388CCF90DEF}"
EndProject
Project("{FAE04EC0-301F-11D3-BF4B-00C04F79EFBC}") = "exam", "exam\exam.csproj", "{CFDC3090-6C92-4D9B-B51B-541EEF322EB7}"
EndProject
Global
	GlobalSection(SolutionConfigurationPlatforms) = preSolution
		Debug|Any CPU = Debug|Any CPU
		Release|Any CPU = Release|Any CPU
	EndGlobalSection
	GlobalSection(ProjectConfigurationPlatforms) = postSolution
		{5297A290-317B-4571-97A1-8D2333BEBABD}.Debug|Any CPU.ActiveCfg = Debug|Any CPU
		{5297A290-317B-4571-97A1-8D2333BEBABD}.Debug|Any CPU.Build.0 = Debug|Any CPU
		{5297A290-317B-4571-97A1-8D2333BEBABD}.Release|Any CPU.ActiveCfg = Release|Any CPU
		{5297A290-317B-4571-97A1-8D2333BEBABD}.Release|Any CPU.Build.0 = Release|Any CPU
		{AA35CB8B-E58A-4B51-9849-6F302A267B2B}.Debug|Any CPU.ActiveCfg = Debug|Any CPU
		{AA35CB8B-E58A-4B51-9849-6F302A267B2B}.Debug|Any CPU.Build.0 = Debug|Any CPU
		{AA35CB8B-E58A-4B51-9849-6F302A267B2B}.Release|Any CPU.ActiveCfg = Release|Any CPU
		{AA35CB8B-E58A-4B51-9849-6F302A267B2B}.Release|Any CPU.Build.0 = Release|Any CPU
		{DD24A8BC-5D17-41A0-996A-69E75B026806}.Debug|Any CPU.ActiveCfg = Debug|Any CPU
		{DD24A8BC-5D17-41A0-996A-69E75B026806}.Debug|Any CPU.Build.0 = Debug|Any CPU
		{DD24A8BC-5D17-41A0-996A-69E75B026806}.Release|Any CPU.ActiveCfg = Release|Any CPU
		{DD24A8BC-5D17-41A0-996A-69E75B026806}.Release|Any CPU.Build.0 = Release|Any CPU
		{E77A2C45-3C72-4C51-96D1-A65F884A0172}.Debug|Any CPU.ActiveCfg = Debug|Any CPU
		{E77A2C45-3C72-4C51-96D1-A65F884A0172}.Debug|Any CPU.Build.0 = Debug|Any CPU
		{E77A2C45-3C72-4C51-96D1-A65F884A0172}.Release|Any CPU.ActiveCfg = Release|Any CPU
		{E77A2C45-3C72-4C51-96D1-A65F884A0172}.Release|Any CPU.Build.0 = Release|Any CPU
		{C66B4DB6-FA6E-4A41-B980-5AB6445F5320}.Debug|Any CPU.ActiveCfg = Debug|Any CPU
		{C66B4DB6-FA6E-4A41-B980-5AB6445F5320}.Debug|Any CPU.Build.0 = Debug|Any CPU
		{C66B4DB6-FA6E-4A41-B980-5AB6445F5320}.Release|Any CPU.ActiveCfg = Release|Any CPU
		{C66B4DB6-FA6E-4A41-B980-5AB6445F5320}.Release|Any CPU.Build.0 = Release|Any CPU
		{535180C3-7F77-432E-824F-D91E6843623D}.Debug|Any CPU.ActiveCfg = Debug|Any CPU
		{535180C3-7F77-432E-824F-D91E6843623D}.Debug|Any CPU.Build.0 = Debug|Any CPU
		{535180C3-7F77-432E-824F-D91E6843623D}.Release|Any CPU.ActiveCfg = Release|Any CPU
		{535180C3-7F77-432E-824F-D91E6843623D}.Release|Any CPU.Build.0 = Release|Any CPU
		{9F3206B5-13FF-4B63-8526-F4C341C1C489}.Debug|Any CPU.ActiveCfg = Debug|Any CPU
		{9F3206B5-13FF-4B63-8526-F4C341C1C489}.Debug|Any CPU.Build.0 = Debug|Any CPU
		{9F3206B5-13FF-4B63-8526-F4C341C1C489}.Release|Any CPU.ActiveCfg = Release|Any CPU
		{9F3206B5-13FF-4B63-8526-F4C341C1C489}.Release|Any CPU.Build.0 = Release|Any CPU
		{3BBEBB38-70D8-4887-9A73-E97B26A21E8C}.Debug|Any CPU.ActiveCfg = Debug|Any CPU
		{3BBEBB38-70D8-4887-9A73-E97B26A21E8C}.Debug|Any CPU.Build.0 = Debug|Any CPU
		{3BBEBB38-70D8-4887-9A73-E97B26A21E8C}.Release|Any CPU.ActiveCfg = Release|Any CPU
		{3BBEBB38-70D8-4887-9A73-E97B26A21E8C}.Release|Any CPU.Build.0 = Release|Any CPU
		{62F109D5-97F4-4205-8E67-B76F517CCD78}.Debug|Any CPU.ActiveCfg = Debug|Any CPU
		{62F109D5-97F4-4205-8E67-B76F517CCD78}.Debug|Any CPU.Build.0 = Debug|Any CPU
		{62F109D5-97F4-4205-8E67-B76F517CCD78}.Release|Any CPU.ActiveCfg = Release|Any CPU
		{62F109D5-97F4-4205-8E67-B76F517CCD78}.Release|Any CPU.Build.0 = Release|Any CPU
		{BC43067F-7D21-4988-A253-E8B50869A263}.Debug|Any CPU.ActiveCfg = Debug|Any CPU
		{BC43067F-7D21-4988-A253-E8B50869A263}.Debug|Any CPU.Build.0 = Debug|Any CPU
		{BC43067F-7D21-4988-A253-E8B50869A263}.Release|Any CPU.ActiveCfg = Release|Any CPU
		{BC43067F-7D21-4988-A253-E8B50869A263}.Release|Any CPU.Build.0 = Release|Any CPU
		{583E2ABA-CFDF-4B65-B75B-A06FA1F11685}.Debug|Any CPU.ActiveCfg = Debug|Any CPU
		{583E2ABA-CFDF-4B65-B75B-A06FA1F11685}.Debug|Any CPU.Build.0 = Debug|Any CPU
		{583E2ABA-CFDF-4B65-B75B-A06FA1F11685}.Release|Any CPU.ActiveCfg = Release|Any CPU
		{583E2ABA-CFDF-4B65-B75B-A06FA1F11685}.Release|Any CPU.Build.0 = Release|Any CPU
		{A3BDE0E7-5782-4090-9FCC-F388CCF90DEF}.Debug|Any CPU.ActiveCfg = Debug|Any CPU
		{A3BDE0E7-5782-4090-9FCC-F388CCF90DEF}.Debug|Any CPU.Build.0 = Debug|Any CPU
		{A3BDE0E7-5782-4090-9FCC-F388CCF90DEF}.Release|Any CPU.ActiveCfg = Release|Any CPU
		{A3BDE0E7-5782-4090-9FCC-F388CCF90DEF}.Release|Any CPU.Build.0 = Release|Any CPU
		{CFDC3090-6C92-4D9B-B51B-541EEF322EB7}.Debug|Any CPU.ActiveCfg = Debug|Any CPU
		{CFDC3090-6C92-4D9B-B51B-541EEF322EB7}.Debug|Any CPU.Build.0 = Debug|Any CPU
		{CFDC3090-6C92-4D9B-B51B-541EEF322EB7}.Release|Any CPU.ActiveCfg = Release|Any CPU
		{CFDC3090-6C92-4D9B-B51B-541EEF322EB7}.Release|Any CPU.Build.0 = Release|Any CPU
	EndGlobalSection
	GlobalSection(SolutionProperties) = preSolution
		HideSolutionNode = FALSE
	EndGlobalSection
	GlobalSection(ExtensibilityGlobals) = postSolution
		SolutionGuid = {64399748-DED5-4E02-A943-314FDDE835DF}
	EndGlobalSection
EndGlobal
