
Microsoft Visual Studio Solution File, Format Version 12.00
# Visual Studio Version 17
VisualStudioVersion = 17.4.33213.308
MinimumVisualStudioVersion = 10.0.40219.1
Project("{FAE04EC0-301F-11D3-BF4B-00C04F79EFBC}") = "Project1", "Project1\Project1.csproj", "{E7BBD6CF-D115-4885-B5D9-AFE2A05371DA}"
EndProject
Global
	GlobalSection(SolutionConfigurationPlatforms) = preSolution
		Debug|Any CPU = Debug|Any CPU
		Release|Any CPU = Release|Any CPU
	EndGlobalSection
	GlobalSection(ProjectConfigurationPlatforms) = postSolution
		{E7BBD6CF-D115-4885-B5D9-AFE2A05371DA}.Debug|Any CPU.ActiveCfg = Debug|Any CPU
		{E7BBD6CF-D115-4885-B5D9-AFE2A05371DA}.Debug|Any CPU.Build.0 = Debug|Any CPU
		{E7BBD6CF-D115-4885-B5D9-AFE2A05371DA}.Release|Any CPU.ActiveCfg = Release|Any CPU
		{E7BBD6CF-D115-4885-B5D9-AFE2A05371DA}.Release|Any CPU.Build.0 = Release|Any CPU
	EndGlobalSection
	GlobalSection(SolutionProperties) = preSolution
		HideSolutionNode = FALSE
	EndGlobalSection
	GlobalSection(ExtensibilityGlobals) = postSolution
		SolutionGuid = {88CAABB4-C0D1-4A9B-883D-90D1D230784E}
	EndGlobalSection
EndGlobal
